
Microsoft Visual Studio Solution File, Format Version 12.00
# Visual Studio Version 16
VisualStudioVersion = 16.0.31205.134
MinimumVisualStudioVersion = 10.0.40219.1
Project("{888888A0-9F3D-457C-B088-3A5042F75D52}") = "Zestawienie Anulowanych", "Zestawienie Anulowanych\Zestawienie Anulowanych.pyproj", "{5A97D50A-9AA1-440D-8DD7-76874EA039D8}"
EndProject
Global
	GlobalSection(SolutionConfigurationPlatforms) = preSolution
		Debug|Any CPU = Debug|Any CPU
		Release|Any CPU = Release|Any CPU
	EndGlobalSection
	GlobalSection(ProjectConfigurationPlatforms) = postSolution
		{5A97D50A-9AA1-440D-8DD7-76874EA039D8}.Debug|Any CPU.ActiveCfg = Debug|Any CPU
		{5A97D50A-9AA1-440D-8DD7-76874EA039D8}.Release|Any CPU.ActiveCfg = Release|Any CPU
	EndGlobalSection
	GlobalSection(SolutionProperties) = preSolution
		HideSolutionNode = FALSE
	EndGlobalSection
	GlobalSection(ExtensibilityGlobals) = postSolution
		SolutionGuid = {C3B1FE50-D675-4263-94EB-B1A31157A767}
	EndGlobalSection
EndGlobal
